
Microsoft Visual Studio Solution File, Format Version 12.00
# Visual Studio Version 17
VisualStudioVersion = 17.9.34622.214
MinimumVisualStudioVersion = 10.0.40219.1
Project("{9A19103F-16F7-4668-BE54-9A1E7A4F7556}") = "API", "ToDoAPI\API.csproj", "{B383994B-C69C-4160-A75A-4B3EBE79DC2C}"
EndProject
Global
	GlobalSection(SolutionConfigurationPlatforms) = preSolution
		Debug|Any CPU = Debug|Any CPU
		Release|Any CPU = Release|Any CPU
	EndGlobalSection
	GlobalSection(ProjectConfigurationPlatforms) = postSolution
		{B383994B-C69C-4160-A75A-4B3EBE79DC2C}.Debug|Any CPU.ActiveCfg = Debug|Any CPU
		{B383994B-C69C-4160-A75A-4B3EBE79DC2C}.Debug|Any CPU.Build.0 = Debug|Any CPU
		{B383994B-C69C-4160-A75A-4B3EBE79DC2C}.Release|Any CPU.ActiveCfg = Release|Any CPU
		{B383994B-C69C-4160-A75A-4B3EBE79DC2C}.Release|Any CPU.Build.0 = Release|Any CPU
	EndGlobalSection
	GlobalSection(SolutionProperties) = preSolution
		HideSolutionNode = FALSE
	EndGlobalSection
	GlobalSection(ExtensibilityGlobals) = postSolution
		SolutionGuid = {B1923A19-262C-4B9A-A0C3-583DDB084C93}
	EndGlobalSection
EndGlobal
